
Microsoft Visual Studio Solution File, Format Version 12.00
# Visual Studio Version 17
VisualStudioVersion = 17.5.002.0
MinimumVisualStudioVersion = 10.0.40219.1
Project("{9A19103F-16F7-4668-BE54-9A1E7A4F7556}") = "zadacha63", "zadacha63\zadacha63.csproj", "{68249CD2-7962-479D-AD2E-D2842D433086}"
EndProject
Global
	GlobalSection(SolutionConfigurationPlatforms) = preSolution
		Debug|Any CPU = Debug|Any CPU
		Release|Any CPU = Release|Any CPU
	EndGlobalSection
	GlobalSection(ProjectConfigurationPlatforms) = postSolution
		{68249CD2-7962-479D-AD2E-D2842D433086}.Debug|Any CPU.ActiveCfg = Debug|Any CPU
		{68249CD2-7962-479D-AD2E-D2842D433086}.Debug|Any CPU.Build.0 = Debug|Any CPU
		{68249CD2-7962-479D-AD2E-D2842D433086}.Release|Any CPU.ActiveCfg = Release|Any CPU
		{68249CD2-7962-479D-AD2E-D2842D433086}.Release|Any CPU.Build.0 = Release|Any CPU
	EndGlobalSection
	GlobalSection(SolutionProperties) = preSolution
		HideSolutionNode = FALSE
	EndGlobalSection
	GlobalSection(ExtensibilityGlobals) = postSolution
		SolutionGuid = {943D0759-9B17-43EE-952C-4221C30B5556}
	EndGlobalSection
EndGlobal
